
Microsoft Visual Studio Solution File, Format Version 12.00
# Visual Studio Version 17
VisualStudioVersion = 17.4.33205.214
MinimumVisualStudioVersion = 10.0.40219.1
Project("{FAE04EC0-301F-11D3-BF4B-00C04F79EFBC}") = "WpfApp1", "WpfApp1\WpfApp1.csproj", "{3C6D215A-B775-473A-8A78-B165B830CCD4}"
EndProject
Global
	GlobalSection(SolutionConfigurationPlatforms) = preSolution
		Debug|Any CPU = Debug|Any CPU
		Release|Any CPU = Release|Any CPU
	EndGlobalSection
	GlobalSection(ProjectConfigurationPlatforms) = postSolution
		{3C6D215A-B775-473A-8A78-B165B830CCD4}.Debug|Any CPU.ActiveCfg = Debug|Any CPU
		{3C6D215A-B775-473A-8A78-B165B830CCD4}.Debug|Any CPU.Build.0 = Debug|Any CPU
		{3C6D215A-B775-473A-8A78-B165B830CCD4}.Release|Any CPU.ActiveCfg = Release|Any CPU
		{3C6D215A-B775-473A-8A78-B165B830CCD4}.Release|Any CPU.Build.0 = Release|Any CPU
	EndGlobalSection
	GlobalSection(SolutionProperties) = preSolution
		HideSolutionNode = FALSE
	EndGlobalSection
	GlobalSection(ExtensibilityGlobals) = postSolution
		SolutionGuid = {D92F8E48-CCC5-4FB4-8E3F-96739BCEAAAF}
	EndGlobalSection
EndGlobal
