
Microsoft Visual Studio Solution File, Format Version 12.00
# Visual Studio Version 16
VisualStudioVersion = 16.0.31702.278
MinimumVisualStudioVersion = 10.0.40219.1
Project("{FAE04EC0-301F-11D3-BF4B-00C04F79EFBC}") = "Spots", "Spots\Spots.csproj", "{C5AE7179-E113-4F77-B488-827BFA0EA4D1}"
EndProject
Global
	GlobalSection(SolutionConfigurationPlatforms) = preSolution
		Debug|Any CPU = Debug|Any CPU
		Release|Any CPU = Release|Any CPU
	EndGlobalSection
	GlobalSection(ProjectConfigurationPlatforms) = postSolution
		{C5AE7179-E113-4F77-B488-827BFA0EA4D1}.Debug|Any CPU.ActiveCfg = Debug|Any CPU
		{C5AE7179-E113-4F77-B488-827BFA0EA4D1}.Debug|Any CPU.Build.0 = Debug|Any CPU
		{C5AE7179-E113-4F77-B488-827BFA0EA4D1}.Release|Any CPU.ActiveCfg = Release|Any CPU
		{C5AE7179-E113-4F77-B488-827BFA0EA4D1}.Release|Any CPU.Build.0 = Release|Any CPU
	EndGlobalSection
	GlobalSection(SolutionProperties) = preSolution
		HideSolutionNode = FALSE
	EndGlobalSection
	GlobalSection(ExtensibilityGlobals) = postSolution
		SolutionGuid = {D9190D68-EAFA-456C-A823-DD4D4FC0D303}
	EndGlobalSection
EndGlobal
