
Microsoft Visual Studio Solution File, Format Version 12.00
# Visual Studio Version 17
VisualStudioVersion = 17.4.33205.214
MinimumVisualStudioVersion = 10.0.40219.1
Project("{FAE04EC0-301F-11D3-BF4B-00C04F79EFBC}") = "ServerService", "ServerService\ServerService.csproj", "{2C5D703E-3A57-4AC5-B960-828807268742}"
EndProject
Global
	GlobalSection(SolutionConfigurationPlatforms) = preSolution
		Debug|Any CPU = Debug|Any CPU
		Debug|x64 = Debug|x64
		Debug|x86 = Debug|x86
		Release|Any CPU = Release|Any CPU
		Release|x64 = Release|x64
		Release|x86 = Release|x86
	EndGlobalSection
	GlobalSection(ProjectConfigurationPlatforms) = postSolution
		{2C5D703E-3A57-4AC5-B960-828807268742}.Debug|Any CPU.ActiveCfg = Debug|Any CPU
		{2C5D703E-3A57-4AC5-B960-828807268742}.Debug|Any CPU.Build.0 = Debug|Any CPU
		{2C5D703E-3A57-4AC5-B960-828807268742}.Debug|x64.ActiveCfg = Debug|Any CPU
		{2C5D703E-3A57-4AC5-B960-828807268742}.Debug|x64.Build.0 = Debug|Any CPU
		{2C5D703E-3A57-4AC5-B960-828807268742}.Debug|x86.ActiveCfg = Debug|Any CPU
		{2C5D703E-3A57-4AC5-B960-828807268742}.Debug|x86.Build.0 = Debug|Any CPU
		{2C5D703E-3A57-4AC5-B960-828807268742}.Release|Any CPU.ActiveCfg = Release|Any CPU
		{2C5D703E-3A57-4AC5-B960-828807268742}.Release|Any CPU.Build.0 = Release|Any CPU
		{2C5D703E-3A57-4AC5-B960-828807268742}.Release|x64.ActiveCfg = Release|Any CPU
		{2C5D703E-3A57-4AC5-B960-828807268742}.Release|x64.Build.0 = Release|Any CPU
		{2C5D703E-3A57-4AC5-B960-828807268742}.Release|x86.ActiveCfg = Release|Any CPU
		{2C5D703E-3A57-4AC5-B960-828807268742}.Release|x86.Build.0 = Release|Any CPU
	EndGlobalSection
	GlobalSection(SolutionProperties) = preSolution
		HideSolutionNode = FALSE
	EndGlobalSection
	GlobalSection(ExtensibilityGlobals) = postSolution
		SolutionGuid = {7668617B-2D21-47CA-9ED7-0B33E7961A99}
	EndGlobalSection
EndGlobal
