
Microsoft Visual Studio Solution File, Format Version 12.00
# Visual Studio Version 17
VisualStudioVersion = 17.4.33205.214
MinimumVisualStudioVersion = 10.0.40219.1
Project("{FAE04EC0-301F-11D3-BF4B-00C04F79EFBC}") = "TrafficLight", "TrafficLight\TrafficLight.csproj", "{129B5C0C-1D38-47C4-B319-0E35D79E2ECB}"
EndProject
Global
	GlobalSection(SolutionConfigurationPlatforms) = preSolution
		Debug|Any CPU = Debug|Any CPU
		Release|Any CPU = Release|Any CPU
	EndGlobalSection
	GlobalSection(ProjectConfigurationPlatforms) = postSolution
		{129B5C0C-1D38-47C4-B319-0E35D79E2ECB}.Debug|Any CPU.ActiveCfg = Debug|Any CPU
		{129B5C0C-1D38-47C4-B319-0E35D79E2ECB}.Debug|Any CPU.Build.0 = Debug|Any CPU
		{129B5C0C-1D38-47C4-B319-0E35D79E2ECB}.Release|Any CPU.ActiveCfg = Release|Any CPU
		{129B5C0C-1D38-47C4-B319-0E35D79E2ECB}.Release|Any CPU.Build.0 = Release|Any CPU
	EndGlobalSection
	GlobalSection(SolutionProperties) = preSolution
		HideSolutionNode = FALSE
	EndGlobalSection
	GlobalSection(ExtensibilityGlobals) = postSolution
		SolutionGuid = {9E5314F7-F87C-4DDA-802A-BC3BDA08B8F8}
	EndGlobalSection
EndGlobal
