
Microsoft Visual Studio Solution File, Format Version 12.00
# Visual Studio Version 16
VisualStudioVersion = 16.0.31702.278
MinimumVisualStudioVersion = 10.0.40219.1
Project("{FAE04EC0-301F-11D3-BF4B-00C04F79EFBC}") = "Calculator", "Calculator\Calculator.csproj", "{A8616FC8-BB6C-4BFD-B6CF-9C10CB18D8F2}"
EndProject
Global
	GlobalSection(SolutionConfigurationPlatforms) = preSolution
		Debug|Any CPU = Debug|Any CPU
		Release|Any CPU = Release|Any CPU
	EndGlobalSection
	GlobalSection(ProjectConfigurationPlatforms) = postSolution
		{A8616FC8-BB6C-4BFD-B6CF-9C10CB18D8F2}.Debug|Any CPU.ActiveCfg = Debug|Any CPU
		{A8616FC8-BB6C-4BFD-B6CF-9C10CB18D8F2}.Debug|Any CPU.Build.0 = Debug|Any CPU
		{A8616FC8-BB6C-4BFD-B6CF-9C10CB18D8F2}.Release|Any CPU.ActiveCfg = Release|Any CPU
		{A8616FC8-BB6C-4BFD-B6CF-9C10CB18D8F2}.Release|Any CPU.Build.0 = Release|Any CPU
	EndGlobalSection
	GlobalSection(SolutionProperties) = preSolution
		HideSolutionNode = FALSE
	EndGlobalSection
	GlobalSection(ExtensibilityGlobals) = postSolution
		SolutionGuid = {53B3966E-FAB2-47B6-9501-EF1F61F7E09A}
	EndGlobalSection
EndGlobal
